
Microsoft Visual Studio Solution File, Format Version 12.00
# Visual Studio Version 17
Project("{2150E333-8FDC-42A3-9474-1A3956D46DE8}") = "CMakePredefinedTargets", "CMakePredefinedTargets", "{6884985F-AAB1-3B7C-AF8A-3F2E9F814636}"
EndProject
Project("{2150E333-8FDC-42A3-9474-1A3956D46DE8}") = "GLFW3", "GLFW3", "{E8BD32A4-6A1A-3895-B3E9-EAA61E9CBEF1}"
EndProject
Project("{8BC9CEB8-8B4A-11D0-8D11-00A0C91BC942}") = "ALL_BUILD", "ALL_BUILD.vcxproj", "{D2BF1E5A-D026-3515-8F6A-5E3F4DF8364D}"
	ProjectSection(ProjectDependencies) = postProject
		{B4E88372-0354-343A-AAC5-EFD99F1959B3} = {B4E88372-0354-343A-AAC5-EFD99F1959B3}
		{BAE83BEB-652F-3E64-A70C-84B1C9949DEB} = {BAE83BEB-652F-3E64-A70C-84B1C9949DEB}
	EndProjectSection
EndProject
Project("{8BC9CEB8-8B4A-11D0-8D11-00A0C91BC942}") = "INSTALL", "INSTALL.vcxproj", "{5B59EA66-C38D-379C-A205-D0D65A178C13}"
	ProjectSection(ProjectDependencies) = postProject
		{D2BF1E5A-D026-3515-8F6A-5E3F4DF8364D} = {D2BF1E5A-D026-3515-8F6A-5E3F4DF8364D}
		{B4E88372-0354-343A-AAC5-EFD99F1959B3} = {B4E88372-0354-343A-AAC5-EFD99F1959B3}
	EndProjectSection
EndProject
Project("{8BC9CEB8-8B4A-11D0-8D11-00A0C91BC942}") = "ZERO_CHECK", "..\..\\ZERO_CHECK.vcxproj", "{B4E88372-0354-343A-AAC5-EFD99F1959B3}"
	ProjectSection(ProjectDependencies) = postProject
	EndProjectSection
EndProject
Project("{8BC9CEB8-8B4A-11D0-8D11-00A0C91BC942}") = "glad", "..\..\glad\glad.vcxproj", "{42F4B143-C573-3F65-BBF2-80AF19554C47}"
	ProjectSection(ProjectDependencies) = postProject
		{B4E88372-0354-343A-AAC5-EFD99F1959B3} = {B4E88372-0354-343A-AAC5-EFD99F1959B3}
	EndProjectSection
EndProject
Project("{8BC9CEB8-8B4A-11D0-8D11-00A0C91BC942}") = "glengine", "..\..\glengine\glengine.vcxproj", "{CE1F11A8-A9D0-3940-AEA1-CE42B8619E35}"
	ProjectSection(ProjectDependencies) = postProject
		{B4E88372-0354-343A-AAC5-EFD99F1959B3} = {B4E88372-0354-343A-AAC5-EFD99F1959B3}
	EndProjectSection
EndProject
Project("{8BC9CEB8-8B4A-11D0-8D11-00A0C91BC942}") = "glfw", "..\..\glfw-3.3.8\src\glfw.vcxproj", "{6578ECAA-3F13-3B5D-9515-334102FB1698}"
	ProjectSection(ProjectDependencies) = postProject
		{B4E88372-0354-343A-AAC5-EFD99F1959B3} = {B4E88372-0354-343A-AAC5-EFD99F1959B3}
	EndProjectSection
EndProject
Project("{8BC9CEB8-8B4A-11D0-8D11-00A0C91BC942}") = "imgui", "..\..\imgui\imgui.vcxproj", "{B8D4BA1F-BE98-357C-AFBF-BCFDF0C2A825}"
	ProjectSection(ProjectDependencies) = postProject
		{B4E88372-0354-343A-AAC5-EFD99F1959B3} = {B4E88372-0354-343A-AAC5-EFD99F1959B3}
	EndProjectSection
EndProject
Project("{8BC9CEB8-8B4A-11D0-8D11-00A0C91BC942}") = "stbimage", "..\..\stbimage\stbimage.vcxproj", "{8C5DE147-B28C-302A-A3C8-1D13AEE4B51E}"
	ProjectSection(ProjectDependencies) = postProject
		{B4E88372-0354-343A-AAC5-EFD99F1959B3} = {B4E88372-0354-343A-AAC5-EFD99F1959B3}
	EndProjectSection
EndProject
Project("{8BC9CEB8-8B4A-11D0-8D11-00A0C91BC942}") = "tp01", "tp01.vcxproj", "{BAE83BEB-652F-3E64-A70C-84B1C9949DEB}"
	ProjectSection(ProjectDependencies) = postProject
		{B4E88372-0354-343A-AAC5-EFD99F1959B3} = {B4E88372-0354-343A-AAC5-EFD99F1959B3}
		{42F4B143-C573-3F65-BBF2-80AF19554C47} = {42F4B143-C573-3F65-BBF2-80AF19554C47}
		{CE1F11A8-A9D0-3940-AEA1-CE42B8619E35} = {CE1F11A8-A9D0-3940-AEA1-CE42B8619E35}
		{6578ECAA-3F13-3B5D-9515-334102FB1698} = {6578ECAA-3F13-3B5D-9515-334102FB1698}
		{B8D4BA1F-BE98-357C-AFBF-BCFDF0C2A825} = {B8D4BA1F-BE98-357C-AFBF-BCFDF0C2A825}
		{8C5DE147-B28C-302A-A3C8-1D13AEE4B51E} = {8C5DE147-B28C-302A-A3C8-1D13AEE4B51E}
	EndProjectSection
EndProject
Global
	GlobalSection(SolutionConfigurationPlatforms) = preSolution
		Debug|x64 = Debug|x64
		Release|x64 = Release|x64
		MinSizeRel|x64 = MinSizeRel|x64
		RelWithDebInfo|x64 = RelWithDebInfo|x64
	EndGlobalSection
	GlobalSection(ProjectConfigurationPlatforms) = postSolution
		{D2BF1E5A-D026-3515-8F6A-5E3F4DF8364D}.Debug|x64.ActiveCfg = Debug|x64
		{D2BF1E5A-D026-3515-8F6A-5E3F4DF8364D}.Debug|x64.Build.0 = Debug|x64
		{D2BF1E5A-D026-3515-8F6A-5E3F4DF8364D}.Release|x64.ActiveCfg = Release|x64
		{D2BF1E5A-D026-3515-8F6A-5E3F4DF8364D}.Release|x64.Build.0 = Release|x64
		{D2BF1E5A-D026-3515-8F6A-5E3F4DF8364D}.MinSizeRel|x64.ActiveCfg = MinSizeRel|x64
		{D2BF1E5A-D026-3515-8F6A-5E3F4DF8364D}.MinSizeRel|x64.Build.0 = MinSizeRel|x64
		{D2BF1E5A-D026-3515-8F6A-5E3F4DF8364D}.RelWithDebInfo|x64.ActiveCfg = RelWithDebInfo|x64
		{D2BF1E5A-D026-3515-8F6A-5E3F4DF8364D}.RelWithDebInfo|x64.Build.0 = RelWithDebInfo|x64
		{5B59EA66-C38D-379C-A205-D0D65A178C13}.Debug|x64.ActiveCfg = Debug|x64
		{5B59EA66-C38D-379C-A205-D0D65A178C13}.Release|x64.ActiveCfg = Release|x64
		{5B59EA66-C38D-379C-A205-D0D65A178C13}.MinSizeRel|x64.ActiveCfg = MinSizeRel|x64
		{5B59EA66-C38D-379C-A205-D0D65A178C13}.RelWithDebInfo|x64.ActiveCfg = RelWithDebInfo|x64
		{B4E88372-0354-343A-AAC5-EFD99F1959B3}.Debug|x64.ActiveCfg = Debug|x64
		{B4E88372-0354-343A-AAC5-EFD99F1959B3}.Debug|x64.Build.0 = Debug|x64
		{B4E88372-0354-343A-AAC5-EFD99F1959B3}.Release|x64.ActiveCfg = Release|x64
		{B4E88372-0354-343A-AAC5-EFD99F1959B3}.Release|x64.Build.0 = Release|x64
		{B4E88372-0354-343A-AAC5-EFD99F1959B3}.MinSizeRel|x64.ActiveCfg = MinSizeRel|x64
		{B4E88372-0354-343A-AAC5-EFD99F1959B3}.MinSizeRel|x64.Build.0 = MinSizeRel|x64
		{B4E88372-0354-343A-AAC5-EFD99F1959B3}.RelWithDebInfo|x64.ActiveCfg = RelWithDebInfo|x64
		{B4E88372-0354-343A-AAC5-EFD99F1959B3}.RelWithDebInfo|x64.Build.0 = RelWithDebInfo|x64
		{42F4B143-C573-3F65-BBF2-80AF19554C47}.Debug|x64.ActiveCfg = Debug|x64
		{42F4B143-C573-3F65-BBF2-80AF19554C47}.Debug|x64.Build.0 = Debug|x64
		{42F4B143-C573-3F65-BBF2-80AF19554C47}.Release|x64.ActiveCfg = Release|x64
		{42F4B143-C573-3F65-BBF2-80AF19554C47}.Release|x64.Build.0 = Release|x64
		{42F4B143-C573-3F65-BBF2-80AF19554C47}.MinSizeRel|x64.ActiveCfg = MinSizeRel|x64
		{42F4B143-C573-3F65-BBF2-80AF19554C47}.MinSizeRel|x64.Build.0 = MinSizeRel|x64
		{42F4B143-C573-3F65-BBF2-80AF19554C47}.RelWithDebInfo|x64.ActiveCfg = RelWithDebInfo|x64
		{42F4B143-C573-3F65-BBF2-80AF19554C47}.RelWithDebInfo|x64.Build.0 = RelWithDebInfo|x64
		{CE1F11A8-A9D0-3940-AEA1-CE42B8619E35}.Debug|x64.ActiveCfg = Debug|x64
		{CE1F11A8-A9D0-3940-AEA1-CE42B8619E35}.Debug|x64.Build.0 = Debug|x64
		{CE1F11A8-A9D0-3940-AEA1-CE42B8619E35}.Release|x64.ActiveCfg = Release|x64
		{CE1F11A8-A9D0-3940-AEA1-CE42B8619E35}.Release|x64.Build.0 = Release|x64
		{CE1F11A8-A9D0-3940-AEA1-CE42B8619E35}.MinSizeRel|x64.ActiveCfg = MinSizeRel|x64
		{CE1F11A8-A9D0-3940-AEA1-CE42B8619E35}.MinSizeRel|x64.Build.0 = MinSizeRel|x64
		{CE1F11A8-A9D0-3940-AEA1-CE42B8619E35}.RelWithDebInfo|x64.ActiveCfg = RelWithDebInfo|x64
		{CE1F11A8-A9D0-3940-AEA1-CE42B8619E35}.RelWithDebInfo|x64.Build.0 = RelWithDebInfo|x64
		{6578ECAA-3F13-3B5D-9515-334102FB1698}.Debug|x64.ActiveCfg = Debug|x64
		{6578ECAA-3F13-3B5D-9515-334102FB1698}.Debug|x64.Build.0 = Debug|x64
		{6578ECAA-3F13-3B5D-9515-334102FB1698}.Release|x64.ActiveCfg = Release|x64
		{6578ECAA-3F13-3B5D-9515-334102FB1698}.Release|x64.Build.0 = Release|x64
		{6578ECAA-3F13-3B5D-9515-334102FB1698}.MinSizeRel|x64.ActiveCfg = MinSizeRel|x64
		{6578ECAA-3F13-3B5D-9515-334102FB1698}.MinSizeRel|x64.Build.0 = MinSizeRel|x64
		{6578ECAA-3F13-3B5D-9515-334102FB1698}.RelWithDebInfo|x64.ActiveCfg = RelWithDebInfo|x64
		{6578ECAA-3F13-3B5D-9515-334102FB1698}.RelWithDebInfo|x64.Build.0 = RelWithDebInfo|x64
		{B8D4BA1F-BE98-357C-AFBF-BCFDF0C2A825}.Debug|x64.ActiveCfg = Debug|x64
		{B8D4BA1F-BE98-357C-AFBF-BCFDF0C2A825}.Debug|x64.Build.0 = Debug|x64
		{B8D4BA1F-BE98-357C-AFBF-BCFDF0C2A825}.Release|x64.ActiveCfg = Release|x64
		{B8D4BA1F-BE98-357C-AFBF-BCFDF0C2A825}.Release|x64.Build.0 = Release|x64
		{B8D4BA1F-BE98-357C-AFBF-BCFDF0C2A825}.MinSizeRel|x64.ActiveCfg = MinSizeRel|x64
		{B8D4BA1F-BE98-357C-AFBF-BCFDF0C2A825}.MinSizeRel|x64.Build.0 = MinSizeRel|x64
		{B8D4BA1F-BE98-357C-AFBF-BCFDF0C2A825}.RelWithDebInfo|x64.ActiveCfg = RelWithDebInfo|x64
		{B8D4BA1F-BE98-357C-AFBF-BCFDF0C2A825}.RelWithDebInfo|x64.Build.0 = RelWithDebInfo|x64
		{8C5DE147-B28C-302A-A3C8-1D13AEE4B51E}.Debug|x64.ActiveCfg = Debug|x64
		{8C5DE147-B28C-302A-A3C8-1D13AEE4B51E}.Debug|x64.Build.0 = Debug|x64
		{8C5DE147-B28C-302A-A3C8-1D13AEE4B51E}.Release|x64.ActiveCfg = Release|x64
		{8C5DE147-B28C-302A-A3C8-1D13AEE4B51E}.Release|x64.Build.0 = Release|x64
		{8C5DE147-B28C-302A-A3C8-1D13AEE4B51E}.MinSizeRel|x64.ActiveCfg = MinSizeRel|x64
		{8C5DE147-B28C-302A-A3C8-1D13AEE4B51E}.MinSizeRel|x64.Build.0 = MinSizeRel|x64
		{8C5DE147-B28C-302A-A3C8-1D13AEE4B51E}.RelWithDebInfo|x64.ActiveCfg = RelWithDebInfo|x64
		{8C5DE147-B28C-302A-A3C8-1D13AEE4B51E}.RelWithDebInfo|x64.Build.0 = RelWithDebInfo|x64
		{BAE83BEB-652F-3E64-A70C-84B1C9949DEB}.Debug|x64.ActiveCfg = Debug|x64
		{BAE83BEB-652F-3E64-A70C-84B1C9949DEB}.Debug|x64.Build.0 = Debug|x64
		{BAE83BEB-652F-3E64-A70C-84B1C9949DEB}.Release|x64.ActiveCfg = Release|x64
		{BAE83BEB-652F-3E64-A70C-84B1C9949DEB}.Release|x64.Build.0 = Release|x64
		{BAE83BEB-652F-3E64-A70C-84B1C9949DEB}.MinSizeRel|x64.ActiveCfg = MinSizeRel|x64
		{BAE83BEB-652F-3E64-A70C-84B1C9949DEB}.MinSizeRel|x64.Build.0 = MinSizeRel|x64
		{BAE83BEB-652F-3E64-A70C-84B1C9949DEB}.RelWithDebInfo|x64.ActiveCfg = RelWithDebInfo|x64
		{BAE83BEB-652F-3E64-A70C-84B1C9949DEB}.RelWithDebInfo|x64.Build.0 = RelWithDebInfo|x64
	EndGlobalSection
	GlobalSection(NestedProjects) = preSolution
		{D2BF1E5A-D026-3515-8F6A-5E3F4DF8364D} = {6884985F-AAB1-3B7C-AF8A-3F2E9F814636}
		{5B59EA66-C38D-379C-A205-D0D65A178C13} = {6884985F-AAB1-3B7C-AF8A-3F2E9F814636}
		{B4E88372-0354-343A-AAC5-EFD99F1959B3} = {6884985F-AAB1-3B7C-AF8A-3F2E9F814636}
		{6578ECAA-3F13-3B5D-9515-334102FB1698} = {E8BD32A4-6A1A-3895-B3E9-EAA61E9CBEF1}
	EndGlobalSection
	GlobalSection(ExtensibilityGlobals) = postSolution
		SolutionGuid = {2718ABE7-019B-3BC7-A83C-268609FB5110}
	EndGlobalSection
	GlobalSection(ExtensibilityAddIns) = postSolution
	EndGlobalSection
EndGlobal
